
Microsoft Visual Studio Solution File, Format Version 12.00
# Visual Studio Version 17
VisualStudioVersion = 17.7.33913.275
MinimumVisualStudioVersion = 10.0.40219.1
Project("{9A19103F-16F7-4668-BE54-9A1E7A4F7556}") = "Modulhandbuch.Parser", "Modulhandbuch.Parser\Modulhandbuch.Parser.csproj", "{2214C09B-614A-4168-AE34-732BBD84CDF9}"
EndProject
Project("{9A19103F-16F7-4668-BE54-9A1E7A4F7556}") = "Modulhandbuch.Shared", "Modulhandbuch.Shared\Modulhandbuch.Shared.csproj", "{8A673221-EEBD-401F-8095-81D14FF04601}"
EndProject
Project("{9A19103F-16F7-4668-BE54-9A1E7A4F7556}") = "Modulhandbuch.Frontend", "Modulhandbuch.Frontend\Modulhandbuch.Frontend.csproj", "{FD1D0A1B-E8F4-4AE8-8211-7BE23034478F}"
EndProject
Global
	GlobalSection(SolutionConfigurationPlatforms) = preSolution
		Debug|Any CPU = Debug|Any CPU
		Release|Any CPU = Release|Any CPU
	EndGlobalSection
	GlobalSection(ProjectConfigurationPlatforms) = postSolution
		{2214C09B-614A-4168-AE34-732BBD84CDF9}.Debug|Any CPU.ActiveCfg = Debug|Any CPU
		{2214C09B-614A-4168-AE34-732BBD84CDF9}.Debug|Any CPU.Build.0 = Debug|Any CPU
		{2214C09B-614A-4168-AE34-732BBD84CDF9}.Release|Any CPU.ActiveCfg = Release|Any CPU
		{2214C09B-614A-4168-AE34-732BBD84CDF9}.Release|Any CPU.Build.0 = Release|Any CPU
		{8A673221-EEBD-401F-8095-81D14FF04601}.Debug|Any CPU.ActiveCfg = Debug|Any CPU
		{8A673221-EEBD-401F-8095-81D14FF04601}.Debug|Any CPU.Build.0 = Debug|Any CPU
		{8A673221-EEBD-401F-8095-81D14FF04601}.Release|Any CPU.ActiveCfg = Release|Any CPU
		{8A673221-EEBD-401F-8095-81D14FF04601}.Release|Any CPU.Build.0 = Release|Any CPU
		{FD1D0A1B-E8F4-4AE8-8211-7BE23034478F}.Debug|Any CPU.ActiveCfg = Debug|Any CPU
		{FD1D0A1B-E8F4-4AE8-8211-7BE23034478F}.Debug|Any CPU.Build.0 = Debug|Any CPU
		{FD1D0A1B-E8F4-4AE8-8211-7BE23034478F}.Release|Any CPU.ActiveCfg = Release|Any CPU
		{FD1D0A1B-E8F4-4AE8-8211-7BE23034478F}.Release|Any CPU.Build.0 = Release|Any CPU
	EndGlobalSection
	GlobalSection(SolutionProperties) = preSolution
		HideSolutionNode = FALSE
	EndGlobalSection
	GlobalSection(ExtensibilityGlobals) = postSolution
		SolutionGuid = {20018487-BB6E-4ACB-B0A7-F5A048923E72}
	EndGlobalSection
EndGlobal
